{
  "version": 4,
  "terraform_version": "0.14.3",
  "serial": 11,
  "lineage": "18063243-823d-a74b-7dcb-63330b1f6978",
  "outputs": {},
  "resources": [
    {
      "mode": "managed",
      "type": "google_compute_ha_vpn_gateway",
      "name": "VPN_GATEWAY",
      "provider": "provider[\"registry.terraform.io/hashicorp/google-beta\"]",
      "instances": [
        {
          "schema_version": 0,
          "attributes": {
            "description": "",
            "id": "projects/otl-ems-netops/regions/us-east4/vpnGateways/ha-vpn-gateway-otl-network-mgmt-vpc-us-east4",
            "name": "ha-vpn-gateway-otl-network-mgmt-vpc-us-east4",
            "network": "https://www.googleapis.com/compute/v1/projects/otl-ems-netops/global/networks/otl-network-mgmt-vpc",
            "project": "otl-ems-netops",
            "region": "us-east4",
            "self_link": "https://www.googleapis.com/compute/v1/projects/otl-ems-netops/regions/us-east4/vpnGateways/ha-vpn-gateway-otl-network-mgmt-vpc-us-east4",
            "timeouts": null,
            "vpn_interfaces": [
              {
                "id": 0,
                "ip_address": "34.124.61.115"
              },
              {
                "id": 1,
                "ip_address": "35.220.62.110"
              }
            ]
          },
          "sensitive_attributes": [],
          "private": "eyJlMmJmYjczMC1lY2FhLTExZTYtOGY4OC0zNDM2M2JjN2M0YzAiOnsiY3JlYXRlIjoyNDAwMDAwMDAwMDAsImRlbGV0ZSI6MjQwMDAwMDAwMDAwfX0="
        }
      ]
    },
    {
      "mode": "managed",
      "type": "google_compute_router",
      "name": "CLOUD_ROUTER",
      "provider": "provider[\"registry.terraform.io/hashicorp/google\"]",
      "instances": [
        {
          "schema_version": 0,
          "attributes": {
            "bgp": [
              {
                "advertise_mode": "DEFAULT",
                "advertised_groups": null,
                "advertised_ip_ranges": [],
                "asn": 64512
              }
            ],
            "creation_timestamp": "2021-03-08T16:38:19.977-08:00",
            "description": "",
            "id": "projects/otl-ems-netops/regions/us-east4/routers/cloudrouter-otl-network-mgmt-vpc-us-east4",
            "name": "cloudrouter-otl-network-mgmt-vpc-us-east4",
            "network": "https://www.googleapis.com/compute/v1/projects/otl-ems-netops/global/networks/otl-network-mgmt-vpc",
            "project": "otl-ems-netops",
            "region": "us-east4",
            "self_link": "https://www.googleapis.com/compute/v1/projects/otl-ems-netops/regions/us-east4/routers/cloudrouter-otl-network-mgmt-vpc-us-east4",
            "timeouts": null
          },
          "sensitive_attributes": [],
          "private": "eyJlMmJmYjczMC1lY2FhLTExZTYtOGY4OC0zNDM2M2JjN2M0YzAiOnsiY3JlYXRlIjoyNDAwMDAwMDAwMDAsImRlbGV0ZSI6MjQwMDAwMDAwMDAwLCJ1cGRhdGUiOjI0MDAwMDAwMDAwMH19"
        }
      ]
    }
  ]
}
