{
  "version": 4,
  "terraform_version": "0.13.4",
  "serial": 7,
  "lineage": "5bb254fc-18e1-073a-bd29-81e51ff95bd6",
  "outputs": {
    "lb_backed_names": {
      "value": [
        "us-central1-80"
      ],
      "type": [
        "tuple",
        [
          "string"
        ]
      ]
    },
    "lb_backed_regions": {
      "value": [
        "us-central1"
      ],
      "type": [
        "tuple",
        [
          "string"
        ]
      ]
    },
    "lb_frontend_names": {
      "value": [
        "us-central1-80"
      ],
      "type": [
        "tuple",
        [
          "string"
        ]
      ]
    },
    "lb_frontend_regions": {
      "value": [
        "us-central1"
      ],
      "type": [
        "tuple",
        [
          "string"
        ]
      ]
    }
  },
  "resources": [
    {
      "mode": "managed",
      "type": "google_compute_forwarding_rule",
      "name": "FRONTEND",
      "provider": "provider[\"registry.terraform.io/hashicorp/google-beta\"]",
      "instances": [
        {
          "index_key": 0,
          "schema_version": 0,
          "attributes": {
            "all_ports": false,
            "allow_global_access": true,
            "backend_service": "https://www.googleapis.com/compute/v1/projects/websites-270319/regions/us-central1/backendServices/us-central1-80",
            "creation_timestamp": "2021-05-11T23:56:21.694-07:00",
            "description": "",
            "id": "projects/websites-270319/regions/us-central1/forwardingRules/us-central1-80",
            "ip_address": "10.0.1.9",
            "ip_protocol": "TCP",
            "is_mirroring_collector": false,
            "label_fingerprint": "42WmSpB8rSM=",
            "labels": null,
            "load_balancing_scheme": "INTERNAL",
            "name": "us-central1-80",
            "network": "https://www.googleapis.com/compute/v1/projects/websites-270319/global/networks/test",
            "network_tier": "PREMIUM",
            "port_range": "",
            "ports": [
              "80"
            ],
            "project": "websites-270319",
            "region": "us-central1",
            "self_link": "https://www.googleapis.com/compute/v1/projects/websites-270319/regions/us-central1/forwardingRules/us-central1-80",
            "service_label": "",
            "service_name": "",
            "subnetwork": "https://www.googleapis.com/compute/v1/projects/websites-270319/regions/us-central1/subnetworks/test-us-central1",
            "target": "",
            "timeouts": null
          },
          "private": "eyJlMmJmYjczMC1lY2FhLTExZTYtOGY4OC0zNDM2M2JjN2M0YzAiOnsiY3JlYXRlIjoyNDAwMDAwMDAwMDAsImRlbGV0ZSI6MjQwMDAwMDAwMDAwLCJ1cGRhdGUiOjI0MDAwMDAwMDAwMH19",
          "dependencies": [
            "google_compute_region_backend_service.BACKEND_SERVICE"
          ]
        }
      ]
    },
    {
      "mode": "managed",
      "type": "google_compute_health_check",
      "name": "HEALTH_CHECK",
      "provider": "provider[\"registry.terraform.io/hashicorp/google-beta\"]",
      "instances": [
        {
          "schema_version": 0,
          "attributes": {
            "check_interval_sec": 10,
            "creation_timestamp": "2021-05-11T23:44:52.770-07:00",
            "description": "",
            "grpc_health_check": [],
            "healthy_threshold": 2,
            "http2_health_check": [],
            "http_health_check": [],
            "https_health_check": [],
            "id": "projects/websites-270319/global/healthChecks/tcp-80",
            "log_config": [
              {
                "enable": false
              }
            ],
            "name": "tcp-80",
            "project": "websites-270319",
            "self_link": "https://www.googleapis.com/compute/v1/projects/websites-270319/global/healthChecks/tcp-80",
            "ssl_health_check": [],
            "tcp_health_check": [
              {
                "port": 80,
                "port_name": "",
                "port_specification": "",
                "proxy_header": "NONE",
                "request": "",
                "response": ""
              }
            ],
            "timeout_sec": 5,
            "timeouts": null,
            "type": "TCP",
            "unhealthy_threshold": 2
          },
          "private": "eyJlMmJmYjczMC1lY2FhLTExZTYtOGY4OC0zNDM2M2JjN2M0YzAiOnsiY3JlYXRlIjoyNDAwMDAwMDAwMDAsImRlbGV0ZSI6MjQwMDAwMDAwMDAwLCJ1cGRhdGUiOjI0MDAwMDAwMDAwMH19"
        }
      ]
    },
    {
      "mode": "managed",
      "type": "google_compute_region_backend_service",
      "name": "BACKEND_SERVICE",
      "provider": "provider[\"registry.terraform.io/hashicorp/google-beta\"]",
      "instances": [
        {
          "index_key": 0,
          "schema_version": 1,
          "attributes": {
            "affinity_cookie_ttl_sec": 0,
            "backend": [
              {
                "balancing_mode": "CONNECTION",
                "capacity_scaler": 0,
                "description": "",
                "failover": false,
                "group": "https://www.googleapis.com/compute/v1/projects/websites-270319/zones/us-central1-b/instanceGroups/unmanaged-us-central1",
                "max_connections": 0,
                "max_connections_per_endpoint": 0,
                "max_connections_per_instance": 0,
                "max_rate": 0,
                "max_rate_per_endpoint": 0,
                "max_rate_per_instance": 0,
                "max_utilization": 0
              }
            ],
            "cdn_policy": [],
            "circuit_breakers": [],
            "connection_draining_timeout_sec": 0,
            "consistent_hash": [],
            "creation_timestamp": "2021-05-11T23:54:21.551-07:00",
            "description": "",
            "enable_cdn": false,
            "failover_policy": [],
            "fingerprint": "Xba-6v_DbKw=",
            "health_checks": [
              "https://www.googleapis.com/compute/v1/projects/websites-270319/global/healthChecks/tcp-80"
            ],
            "id": "projects/websites-270319/regions/us-central1/backendServices/us-central1-80",
            "load_balancing_scheme": "INTERNAL",
            "locality_lb_policy": "",
            "log_config": [],
            "name": "us-central1-80",
            "network": "",
            "outlier_detection": [],
            "port_name": "",
            "project": "websites-270319",
            "protocol": "TCP",
            "region": "us-central1",
            "self_link": "https://www.googleapis.com/compute/v1/projects/websites-270319/regions/us-central1/backendServices/us-central1-80",
            "session_affinity": "NONE",
            "timeout_sec": 30,
            "timeouts": null
          },
          "private": "eyJlMmJmYjczMC1lY2FhLTExZTYtOGY4OC0zNDM2M2JjN2M0YzAiOnsiY3JlYXRlIjoyNDAwMDAwMDAwMDAsImRlbGV0ZSI6MjQwMDAwMDAwMDAwLCJ1cGRhdGUiOjI0MDAwMDAwMDAwMH0sInNjaGVtYV92ZXJzaW9uIjoiMSJ9",
          "dependencies": [
            "google_compute_health_check.HEALTH_CHECK"
          ]
        }
      ]
    }
  ]
}
