{
  "version": 4,
  "terraform_version": "0.13.4",
  "serial": 56,
  "lineage": "5bb254fc-18e1-073a-bd29-81e51ff95bd6",
  "outputs": {
    "l7lb_external_ip_address": {
      "value": [
        "35.201.70.114"
      ],
      "type": [
        "tuple",
        [
          "string"
        ]
      ]
    }
  },
  "resources": [
    {
      "mode": "managed",
      "type": "google_compute_backend_bucket",
      "name": "BACKEND_BUCKET",
      "provider": "provider[\"registry.terraform.io/hashicorp/google\"]",
      "instances": [
        {
          "schema_version": 0,
          "attributes": {
            "bucket_name": "j5-org",
            "cdn_policy": [],
            "creation_timestamp": "2021-05-12T01:35:16.354-07:00",
            "description": "",
            "enable_cdn": false,
            "id": "projects/websites-270319/global/backendBuckets/backend-bucket-j5-org",
            "name": "backend-bucket-j5-org",
            "project": "websites-270319",
            "self_link": "https://www.googleapis.com/compute/v1/projects/websites-270319/global/backendBuckets/backend-bucket-j5-org",
            "timeouts": null
          },
          "private": "eyJlMmJmYjczMC1lY2FhLTExZTYtOGY4OC0zNDM2M2JjN2M0YzAiOnsiY3JlYXRlIjoyNDAwMDAwMDAwMDAsImRlbGV0ZSI6MjQwMDAwMDAwMDAwLCJ1cGRhdGUiOjI0MDAwMDAwMDAwMH19"
        }
      ]
    },
    {
      "mode": "managed",
      "type": "google_compute_backend_service",
      "name": "BACKEND_SERVICE",
      "provider": "provider[\"registry.terraform.io/hashicorp/google-beta\"]",
      "instances": [
        {
          "index_key": 0,
          "schema_version": 1,
          "attributes": {
            "affinity_cookie_ttl_sec": 0,
            "backend": [
              {
                "balancing_mode": "UTILIZATION",
                "capacity_scaler": 1,
                "description": "",
                "group": "https://www.googleapis.com/compute/v1/projects/websites-270319/zones/us-central1-b/instanceGroups/unmanaged-us-central1",
                "max_connections": 0,
                "max_connections_per_endpoint": 0,
                "max_connections_per_instance": 0,
                "max_rate": 0,
                "max_rate_per_endpoint": 0,
                "max_rate_per_instance": 0,
                "max_utilization": 0.8
              }
            ],
            "cdn_policy": [
              {
                "cache_key_policy": [
                  {
                    "include_host": true,
                    "include_protocol": true,
                    "include_query_string": true,
                    "query_string_blacklist": [],
                    "query_string_whitelist": []
                  }
                ],
                "cache_mode": "CACHE_ALL_STATIC",
                "client_ttl": 3600,
                "default_ttl": 3600,
                "max_ttl": 86400,
                "negative_caching": true,
                "negative_caching_policy": [],
                "serve_while_stale": 0,
                "signed_url_cache_max_age_sec": 0
              }
            ],
            "circuit_breakers": [],
            "connection_draining_timeout_sec": 300,
            "consistent_hash": [],
            "creation_timestamp": "2021-05-12T01:35:28.248-07:00",
            "custom_request_headers": [
              "X-Client-Region: {client_region}",
              "X-Forwarded-Proto: https"
            ],
            "custom_response_headers": [
              "X-Cache-Hit: {cdn_cache_status}"
            ],
            "description": "",
            "enable_cdn": false,
            "fingerprint": "oCHQvz5phK8=",
            "health_checks": [
              "https://www.googleapis.com/compute/v1/projects/websites-270319/global/healthChecks/nginx-80"
            ],
            "iap": [],
            "id": "projects/websites-270319/global/backendServices/backend-service",
            "load_balancing_scheme": "EXTERNAL",
            "locality_lb_policy": "",
            "log_config": [],
            "name": "backend-service",
            "outlier_detection": [],
            "port_name": "http",
            "project": "websites-270319",
            "protocol": "HTTP",
            "security_policy": "",
            "self_link": "https://www.googleapis.com/compute/v1/projects/websites-270319/global/backendServices/backend-service",
            "session_affinity": "NONE",
            "timeout_sec": 30,
            "timeouts": null
          },
          "private": "eyJlMmJmYjczMC1lY2FhLTExZTYtOGY4OC0zNDM2M2JjN2M0YzAiOnsiY3JlYXRlIjoyNDAwMDAwMDAwMDAsImRlbGV0ZSI6MjQwMDAwMDAwMDAwLCJ1cGRhdGUiOjI0MDAwMDAwMDAwMH0sInNjaGVtYV92ZXJzaW9uIjoiMSJ9",
          "dependencies": [
            "google_compute_health_check.HTTP_CHECK_1"
          ]
        }
      ]
    },
    {
      "mode": "managed",
      "type": "google_compute_global_address",
      "name": "EXTERNAL_L7LB_IP_ADDRESS",
      "provider": "provider[\"registry.terraform.io/hashicorp/google\"]",
      "instances": [
        {
          "schema_version": 0,
          "attributes": {
            "address": "35.201.70.114",
            "address_type": "EXTERNAL",
            "creation_timestamp": "2021-05-12T00:59:08.143-07:00",
            "description": "",
            "id": "projects/websites-270319/global/addresses/external-http-https-load-balancer",
            "ip_version": "",
            "name": "external-http-https-load-balancer",
            "network": "",
            "prefix_length": 0,
            "project": "websites-270319",
            "purpose": "",
            "self_link": "https://www.googleapis.com/compute/v1/projects/websites-270319/global/addresses/external-http-https-load-balancer",
            "timeouts": null
          },
          "private": "eyJlMmJmYjczMC1lY2FhLTExZTYtOGY4OC0zNDM2M2JjN2M0YzAiOnsiY3JlYXRlIjoyNDAwMDAwMDAwMDAsImRlbGV0ZSI6MjQwMDAwMDAwMDAwfX0="
        }
      ]
    },
    {
      "mode": "managed",
      "type": "google_compute_global_forwarding_rule",
      "name": "FWD_RULE_HTTP",
      "provider": "provider[\"registry.terraform.io/hashicorp/google\"]",
      "instances": [
        {
          "schema_version": 0,
          "attributes": {
            "description": "",
            "id": "projects/websites-270319/global/forwardingRules/frontend-http",
            "ip_address": "35.201.70.114",
            "ip_protocol": "TCP",
            "ip_version": "",
            "load_balancing_scheme": "EXTERNAL",
            "metadata_filters": [],
            "name": "frontend-http",
            "port_range": "80-80",
            "project": "websites-270319",
            "self_link": "https://www.googleapis.com/compute/v1/projects/websites-270319/global/forwardingRules/frontend-http",
            "target": "https://www.googleapis.com/compute/v1/projects/websites-270319/global/targetHttpProxies/target-proxy-http",
            "timeouts": null
          },
          "private": "eyJlMmJmYjczMC1lY2FhLTExZTYtOGY4OC0zNDM2M2JjN2M0YzAiOnsiY3JlYXRlIjoyNDAwMDAwMDAwMDAsImRlbGV0ZSI6MjQwMDAwMDAwMDAwLCJ1cGRhdGUiOjI0MDAwMDAwMDAwMH19",
          "dependencies": [
            "google_compute_backend_bucket.BACKEND_BUCKET",
            "google_compute_global_address.EXTERNAL_L7LB_IP_ADDRESS",
            "google_compute_target_http_proxy.TPROXY_HTTP",
            "google_compute_url_map.URL_MAP_HTTP"
          ]
        }
      ]
    },
    {
      "mode": "managed",
      "type": "google_compute_global_forwarding_rule",
      "name": "FWD_RULE_HTTPS",
      "provider": "provider[\"registry.terraform.io/hashicorp/google\"]",
      "instances": [
        {
          "index_key": 0,
          "schema_version": 0,
          "attributes": {
            "description": "",
            "id": "projects/websites-270319/global/forwardingRules/frontend-https",
            "ip_address": "35.201.70.114",
            "ip_protocol": "TCP",
            "ip_version": "",
            "load_balancing_scheme": "EXTERNAL",
            "metadata_filters": [],
            "name": "frontend-https",
            "port_range": "443-443",
            "project": "websites-270319",
            "self_link": "https://www.googleapis.com/compute/v1/projects/websites-270319/global/forwardingRules/frontend-https",
            "target": "https://www.googleapis.com/compute/v1/projects/websites-270319/global/targetHttpsProxies/target-proxy-https",
            "timeouts": null
          },
          "private": "eyJlMmJmYjczMC1lY2FhLTExZTYtOGY4OC0zNDM2M2JjN2M0YzAiOnsiY3JlYXRlIjoyNDAwMDAwMDAwMDAsImRlbGV0ZSI6MjQwMDAwMDAwMDAwLCJ1cGRhdGUiOjI0MDAwMDAwMDAwMH19",
          "dependencies": [
            "google_compute_global_address.EXTERNAL_L7LB_IP_ADDRESS",
            "google_compute_ssl_certificate.SSL_CERT",
            "google_compute_target_https_proxy.TPROXY_HTTPS",
            "google_compute_url_map.URL_MAP_HTTPS"
          ]
        }
      ]
    },
    {
      "mode": "managed",
      "type": "google_compute_health_check",
      "name": "HTTP_CHECK_1",
      "provider": "provider[\"registry.terraform.io/hashicorp/google\"]",
      "instances": [
        {
          "schema_version": 0,
          "attributes": {
            "check_interval_sec": 10,
            "creation_timestamp": "2021-05-12T01:35:16.391-07:00",
            "description": "",
            "grpc_health_check": [],
            "healthy_threshold": 2,
            "http2_health_check": [],
            "http_health_check": [
              {
                "host": "",
                "port": 80,
                "port_name": "",
                "port_specification": "",
                "proxy_header": "NONE",
                "request_path": "/",
                "response": ""
              }
            ],
            "https_health_check": [],
            "id": "projects/websites-270319/global/healthChecks/nginx-80",
            "name": "nginx-80",
            "project": "websites-270319",
            "self_link": "https://www.googleapis.com/compute/v1/projects/websites-270319/global/healthChecks/nginx-80",
            "ssl_health_check": [],
            "tcp_health_check": [],
            "timeout_sec": 5,
            "timeouts": null,
            "type": "HTTP",
            "unhealthy_threshold": 2
          },
          "private": "eyJlMmJmYjczMC1lY2FhLTExZTYtOGY4OC0zNDM2M2JjN2M0YzAiOnsiY3JlYXRlIjoyNDAwMDAwMDAwMDAsImRlbGV0ZSI6MjQwMDAwMDAwMDAwLCJ1cGRhdGUiOjI0MDAwMDAwMDAwMH19"
        }
      ]
    },
    {
      "mode": "managed",
      "type": "google_compute_health_check",
      "name": "HTTP_CHECK_2",
      "provider": "provider[\"registry.terraform.io/hashicorp/google\"]",
      "instances": [
        {
          "schema_version": 0,
          "attributes": {
            "check_interval_sec": 10,
            "creation_timestamp": "2021-05-12T01:12:06.151-07:00",
            "description": "",
            "grpc_health_check": [],
            "healthy_threshold": 2,
            "http2_health_check": [],
            "http_health_check": [
              {
                "host": "",
                "port": 8080,
                "port_name": "",
                "port_specification": "",
                "proxy_header": "NONE",
                "request_path": "/manual/",
                "response": ""
              }
            ],
            "https_health_check": [],
            "id": "projects/websites-270319/global/healthChecks/apache-8080",
            "name": "apache-8080",
            "project": "websites-270319",
            "self_link": "https://www.googleapis.com/compute/v1/projects/websites-270319/global/healthChecks/apache-8080",
            "ssl_health_check": [],
            "tcp_health_check": [],
            "timeout_sec": 5,
            "timeouts": null,
            "type": "HTTP",
            "unhealthy_threshold": 2
          },
          "private": "eyJlMmJmYjczMC1lY2FhLTExZTYtOGY4OC0zNDM2M2JjN2M0YzAiOnsiY3JlYXRlIjoyNDAwMDAwMDAwMDAsImRlbGV0ZSI6MjQwMDAwMDAwMDAwLCJ1cGRhdGUiOjI0MDAwMDAwMDAwMH19"
        }
      ]
    },
    {
      "mode": "managed",
      "type": "google_compute_ssl_certificate",
      "name": "SSL_CERT",
      "provider": "provider[\"registry.terraform.io/hashicorp/google-beta\"]",
      "instances": [
        {
          "index_key": 0,
          "schema_version": 0,
          "attributes": {
            "certificate": "-----BEGIN CERTIFICATE-----\nMIIFNTCCBB2gAwIBAgISBEWidG3gJH9tEsjUZBCJ3nyJMA0GCSqGSIb3DQEBCwUA\nMDIxCzAJBgNVBAYTAlVTMRYwFAYDVQQKEw1MZXQncyBFbmNyeXB0MQswCQYDVQQD\nEwJSMzAeFw0yMTA0MDEyMDUzMDVaFw0yMTA2MzAyMDUzMDVaMCIxIDAeBgNVBAMT\nF3d3dy5kdWRld2hlcmVzbXlkbnMuY29tMIIBIjANBgkqhkiG9w0BAQEFAAOCAQ8A\nMIIBCgKCAQEAzVRifh28+9RzrE8QRQxVh23PZ75xkXc+KcwKi9gT/COTiOntpJNK\nl3L5rGHx+kZ1Mff0qO23vyhRP3GYT15e3T7nwFW7LSEskzo5pRQjXhQadq9uHB8c\nCAr8ePru50pLAN/lFwvkXfJqh0afLw534OcFPgi3U4h5hK/zkX5JEvjrpY++BoXY\n7UVd6diuKuIQx+leLvVonkgUPjTUp69LA7g79ziOxbyFZjqMwDLBeDiZJXKOV8Na\nC6+W6AWaPO+Ek4uz17GiJvU0UytWvx9HFGhmFb940qzlqSPcB6QrVH9DSc6ESBWR\nBOlnAE4uTVN9bzDZlbILSnfGuW2MeknFbQIDAQABo4ICUzCCAk8wDgYDVR0PAQH/\nBAQDAgWgMB0GA1UdJQQWMBQGCCsGAQUFBwMBBggrBgEFBQcDAjAMBgNVHRMBAf8E\nAjAAMB0GA1UdDgQWBBT9fv9BoYSPEFSENPtM/pbdH4k+ojAfBgNVHSMEGDAWgBQU\nLrMXt1hWy65QCUDmH6+dixTCxjBVBggrBgEFBQcBAQRJMEcwIQYIKwYBBQUHMAGG\nFWh0dHA6Ly9yMy5vLmxlbmNyLm9yZzAiBggrBgEFBQcwAoYWaHR0cDovL3IzLmku\nbGVuY3Iub3JnLzAiBgNVHREEGzAZghd3d3cuZHVkZXdoZXJlc215ZG5zLmNvbTBM\nBgNVHSAERTBDMAgGBmeBDAECATA3BgsrBgEEAYLfEwEBATAoMCYGCCsGAQUFBwIB\nFhpodHRwOi8vY3BzLmxldHNlbmNyeXB0Lm9yZzCCAQUGCisGAQQB1nkCBAIEgfYE\ngfMA8QB2AFzcQ5L+5qtFRLFemtRW5hA3+9X6R9yhc5SyXub2xw7KAAABeI9s9iYA\nAAQDAEcwRQIhAOrHZPTtw/7gdIDKMgB/C2J3h8owPnFe4Mw/X7NHTkTPAiBpT67H\nyvi7hkMRGg8PVwepTx7eBT3btH3rS0dJVaEQMQB3AH0+8viP/4hVaCTCwMqeUol5\nK8UOeAl/LmqXaJl+IvDXAAABeI9s9j0AAAQDAEgwRgIhANGFZcjMgT5XTa1PqsIk\nucTItpY8SCPGOb+x7CjfeF0tAiEAu6M5WYTxAwNwI+HQ6SkhSyz41srcL8ZrSEMJ\n0KH3STUwDQYJKoZIhvcNAQELBQADggEBAGKU1sIQ2Sc+IlVtA9JyMMDiG/9TbELn\nScRiDfVGooyeAbrWb5s15ZevftxNFyVCeQBa6HnbS1BrH71dBgYsD9FX9C+Sex/4\nNliVMp+Kebkt1tFuMpz/GJx+ZHQ6d2IB33xy6mlxlRERSz98wz0NDul7Zr6di0Av\nZR6FrLeMLXHAEEp8Mt6AsaQJFRU4mCNvXp4jpWa2ApTeIEZ3CMWtTljXZ95KE/w3\n4DMYM2WNHIOTVXs5f99on3wAGdhot8/8tMcZwd/eC9eGAwljrVFP28X8WnZtrEJ/\ndwcpODYnr4v9drnaJ+eDPem4bZnZsAktYevguPXR85pT9/qpOEktfJo=\n-----END CERTIFICATE-----\n-----BEGIN CERTIFICATE-----\nMIIEZTCCA02gAwIBAgIQQAF1BIMUpMghjISpDBbN3zANBgkqhkiG9w0BAQsFADA/\nMSQwIgYDVQQKExtEaWdpdGFsIFNpZ25hdHVyZSBUcnVzdCBDby4xFzAVBgNVBAMT\nDkRTVCBSb290IENBIFgzMB4XDTIwMTAwNzE5MjE0MFoXDTIxMDkyOTE5MjE0MFow\nMjELMAkGA1UEBhMCVVMxFjAUBgNVBAoTDUxldCdzIEVuY3J5cHQxCzAJBgNVBAMT\nAlIzMIIBIjANBgkqhkiG9w0BAQEFAAOCAQ8AMIIBCgKCAQEAuwIVKMz2oJTTDxLs\njVWSw/iC8ZmmekKIp10mqrUrucVMsa+Oa/l1yKPXD0eUFFU1V4yeqKI5GfWCPEKp\nTm71O8Mu243AsFzzWTjn7c9p8FoLG77AlCQlh/o3cbMT5xys4Zvv2+Q7RVJFlqnB\nU840yFLuta7tj95gcOKlVKu2bQ6XpUA0ayvTvGbrZjR8+muLj1cpmfgwF126cm/7\ngcWt0oZYPRfH5wm78Sv3htzB2nFd1EbjzK0lwYi8YGd1ZrPxGPeiXOZT/zqItkel\n/xMY6pgJdz+dU/nPAeX1pnAXFK9jpP+Zs5Od3FOnBv5IhR2haa4ldbsTzFID9e1R\noYvbFQIDAQABo4IBaDCCAWQwEgYDVR0TAQH/BAgwBgEB/wIBADAOBgNVHQ8BAf8E\nBAMCAYYwSwYIKwYBBQUHAQEEPzA9MDsGCCsGAQUFBzAChi9odHRwOi8vYXBwcy5p\nZGVudHJ1c3QuY29tL3Jvb3RzL2RzdHJvb3RjYXgzLnA3YzAfBgNVHSMEGDAWgBTE\np7Gkeyxx+tvhS5B1/8QVYIWJEDBUBgNVHSAETTBLMAgGBmeBDAECATA/BgsrBgEE\nAYLfEwEBATAwMC4GCCsGAQUFBwIBFiJodHRwOi8vY3BzLnJvb3QteDEubGV0c2Vu\nY3J5cHQub3JnMDwGA1UdHwQ1MDMwMaAvoC2GK2h0dHA6Ly9jcmwuaWRlbnRydXN0\nLmNvbS9EU1RST09UQ0FYM0NSTC5jcmwwHQYDVR0OBBYEFBQusxe3WFbLrlAJQOYf\nr52LFMLGMB0GA1UdJQQWMBQGCCsGAQUFBwMBBggrBgEFBQcDAjANBgkqhkiG9w0B\nAQsFAAOCAQEA2UzgyfWEiDcx27sT4rP8i2tiEmxYt0l+PAK3qB8oYevO4C5z70kH\nejWEHx2taPDY/laBL21/WKZuNTYQHHPD5b1tXgHXbnL7KqC401dk5VvCadTQsvd8\nS8MXjohyc9z9/G2948kLjmE6Flh9dDYrVYA9x2O+hEPGOaEOa1eePynBgPayvUfL\nqjBstzLhWVQLGAkXXmNs+5ZnPBxzDJOLxhF2JIbeQAcH5H0tZrUlo5ZYyOqA7s9p\nO5b85o3AM/OJ+CktFBQtfvBhcJVd9wvlwPsk+uyOy2HI7mNxKKgsBTt375teA2Tw\nUdHkhVNcsAKX1H7GNNLOEADksd86wuoXvg==\n-----END CERTIFICATE-----\n",
            "certificate_id": 2252984703864155563,
            "creation_timestamp": "2021-05-12T01:35:16.657-07:00",
            "description": "",
            "id": "projects/websites-270319/global/sslCertificates/www-dudewheresmydns-com",
            "name": "www-dudewheresmydns-com",
            "name_prefix": null,
            "private_key": "-----BEGIN PRIVATE KEY-----\nMIIEvQIBADANBgkqhkiG9w0BAQEFAASCBKcwggSjAgEAAoIBAQDNVGJ+Hbz71HOs\nTxBFDFWHbc9nvnGRdz4pzAqL2BP8I5OI6e2kk0qXcvmsYfH6RnUx9/So7be/KFE/\ncZhPXl7dPufAVbstISyTOjmlFCNeFBp2r24cHxwICvx4+u7nSksA3+UXC+Rd8mqH\nRp8vDnfg5wU+CLdTiHmEr/ORfkkS+Oulj74GhdjtRV3p2K4q4hDH6V4u9WieSBQ+\nNNSnr0sDuDv3OI7FvIVmOozAMsF4OJklco5Xw1oLr5boBZo874STi7PXsaIm9TRT\nK1a/H0cUaGYVv3jSrOWpI9wHpCtUf0NJzoRIFZEE6WcATi5NU31vMNmVsgtKd8a5\nbYx6ScVtAgMBAAECggEAPPwION8KR12lcZMWCPwN1yiFRpHo10SsYOuqYjiuTuAe\nLLcWDyB0MiFDCLEalrQgkNPNhfL89Ti7UPWjQEeOM3ZAjP6pllDZFW1gu6gMjR+5\ncHDQamfPApCIxkH5fRayyjK1ry+oB0M94qnWE7rfXhwfkXozQQsy1HcSB6+Tcp+V\n1p0/WzYGr+ESrm8oIAKFT/IeNPF1JIB2wch8vhbH88jSqYBin4XUHLpoD9B8yOC2\nmBHBWlDTM7FL847r/wHtPmx2QXkuzLm2ACcEKiWdZto7Ste8/OSIqC8FjNIYlPwY\nRyAA05KG04zmYY31j1Pn7BDFBtSavQ/5+3YqPq3O/QKBgQDr55U1IIYKtHh4Hicq\nZG/QjzllbVG0NiDQ4YoVdz60Z3T1wMA4WEmBWbkOA5fcukHWU30DN9x9FUXMz38a\natgDbrhas3Ghu/MMUkF8ZFPY5O7AIyVxm1sQR6Xvfwje5L/lewwpUgj3GOqf8RS7\nx/81kDRG4XGw67K7mM+9rrkXrwKBgQDe0gwUZMcVSEiBDy1v2RZKBswCZVgvllWl\nayuTNxMXcCeSGC5KkNkXgZbvboP5pgwgYo8IXk4IQ8CisePsJy9fJ6uU00t6xT/a\n4hXeLgCiqw3u2OBXCg6zDu3WEojJ51q2UQLTfWqKFggx9u20Xj/CuPSkLMrmXMmb\nR1Vbu2afowKBgQDiEv+E+HQ80hMZWhxCnhoiDv/8WbWRNMZiJ6LDS5HGJdeKpHwS\nA1n+IlQcQAlLORxbH4uQh/o/zSElVD0EvhvhvjvigFGHo60aw8GKSkOoekzryULb\nCv1MLr2xNVb09NeKPk+7UajR1QkU2l76ToIffOD8hJUF7ftNmPaNW2J6dQKBgEO+\nTqfgn9prmIeMar8HnEwzVtEfqLkHFtDtDVl7tBU7Jvy211QaR7Zq0s3Gpt8+yY8L\nB/t+WHEQ0D9moCoLG87tS7A6sUcJM0nD1OwwxkauhNTqIQK1bxSnZE3iYq4n5Z9q\nb9aG2d5TpngyX8CnqvDztIU5jRKOgUjxXhU+m4vLAoGANviimVc3coHqk9kd4mwc\nWhN+A0hj8VeSjVrIljBLp5xAoQ18QqB4x/lcXxEzHNmzSc80ZmVyBCYAIeR6mh4Y\n6ad7J+KcSEMP3GpPxQ3kUoHlA4HOkmyNAYjUEFrMzgyYcTCBTZDv35q3YhZi8cg6\neP888Eqz41pzY98FJot97qs=\n-----END PRIVATE KEY-----\n",
            "project": "websites-270319",
            "self_link": "https://www.googleapis.com/compute/v1/projects/websites-270319/global/sslCertificates/www-dudewheresmydns-com",
            "timeouts": null
          },
          "private": "eyJlMmJmYjczMC1lY2FhLTExZTYtOGY4OC0zNDM2M2JjN2M0YzAiOnsiY3JlYXRlIjoyNDAwMDAwMDAwMDAsImRlbGV0ZSI6MjQwMDAwMDAwMDAwfX0="
        },
        {
          "index_key": 1,
          "schema_version": 0,
          "attributes": {
            "certificate": "-----BEGIN CERTIFICATE-----\nMIIFIDCCBAigAwIBAgISA4rjwu4Hgbq6LSMuDU83TlP9MA0GCSqGSIb3DQEBCwUA\nMDIxCzAJBgNVBAYTAlVTMRYwFAYDVQQKEw1MZXQncyBFbmNyeXB0MQswCQYDVQQD\nEwJSMzAeFw0yMTAzMDkyMTUyNTVaFw0yMTA2MDcyMTUyNTVaMBgxFjAUBgNVBAMT\nDXB5dGhvbi5qNS5vcmcwggEiMA0GCSqGSIb3DQEBAQUAA4IBDwAwggEKAoIBAQCj\nrh6YBab6eBSNJdm3WJ7qrZDAW2xXPhgEDFUCPh3ehmJaZepraBPDt6qnUW0rHD7N\nlSNuRX5Yhf4U9ZSCEWCuPFshVoJX7jwOC9F5EAd96FAcaNFFexXyZem/pEhWEXTW\n8sAHq1GwJHQY5CaXPMyLLki9V/i033AVbjadNueXYNU+mAJHHaObYK7cQlnGcb4l\nRh90hsD3/sEGXhngNA5eczdrdVi2L674/qLGqjSH8c2tyH2E+H+lDF0qoMEkFk2m\nhOa1FTdy9R+02HnaiE+U2Jr+CedlBfTI0ngzAUZe8rpTr5OoPsOQCh/IPEVUpuXG\nStyTnvURmXRIXHGjdlS/AgMBAAGjggJIMIICRDAOBgNVHQ8BAf8EBAMCBaAwHQYD\nVR0lBBYwFAYIKwYBBQUHAwEGCCsGAQUFBwMCMAwGA1UdEwEB/wQCMAAwHQYDVR0O\nBBYEFNjerHar16m0TM6MuBfJow1cHGrHMB8GA1UdIwQYMBaAFBQusxe3WFbLrlAJ\nQOYfr52LFMLGMFUGCCsGAQUFBwEBBEkwRzAhBggrBgEFBQcwAYYVaHR0cDovL3Iz\nLm8ubGVuY3Iub3JnMCIGCCsGAQUFBzAChhZodHRwOi8vcjMuaS5sZW5jci5vcmcv\nMBgGA1UdEQQRMA+CDXB5dGhvbi5qNS5vcmcwTAYDVR0gBEUwQzAIBgZngQwBAgEw\nNwYLKwYBBAGC3xMBAQEwKDAmBggrBgEFBQcCARYaaHR0cDovL2Nwcy5sZXRzZW5j\ncnlwdC5vcmcwggEEBgorBgEEAdZ5AgQCBIH1BIHyAPAAdwCUILwejtWNbIhzH4KL\nIiwN0dpNXmxPlD1h204vWE2iwgAAAXgZMXjIAAAEAwBIMEYCIQCyMrsHgbhzRbYe\nUQKP31kgOH1AC4BND/VQMcttF+EnSAIhALQWICYidGVuFp55hOPiMFFs1s8/YBBN\njfOR7iIn5rsQAHUA9lyUL9F3MCIUVBgIMJRWjuNNExkzv98MLyALzE7xZOMAAAF4\nGTF4wQAABAMARjBEAiB0oaa0aDXRwE5ns/5F4jjz/FHQjWeTL3Sp9Ackf+89HgIg\na8e9XSEJ53Yaz7+fDTixaj+ml493F0E3KGz6qg3vT74wDQYJKoZIhvcNAQELBQAD\nggEBAGcJBkzrdUgvJfnM8mQfElhaXfd20z/f8VAWXd6DygzpeN12hTz/vS36fLzj\nmgCZer5lqw1OZUe+TB0NXaLOJYtH4NfE7dCF6pJYz0KHkr8ONQyqaWkfKFy21p0T\n1uGfKgO+aJFTFmgxQWQvniuAHU0KRzM+JmW2f55dyWgMRBEsITbSqPoMtX+1yz1y\n8mmAC75wOaOVXFg+ud1LPLylMMvW70XoMFubeZIEW6zFTpWnJ8JC5KpBr4WP8iOm\niMm1kObHmlsc7fr4qPMB4uhaVN+uZhCNcwEiLOudnmNcARZDJXCbDTH/Ra2Zbnn9\nzMQb4hbWG6eeLGEm25JiY1PxUlY=\n-----END CERTIFICATE-----\n-----BEGIN CERTIFICATE-----\nMIIEZTCCA02gAwIBAgIQQAF1BIMUpMghjISpDBbN3zANBgkqhkiG9w0BAQsFADA/\nMSQwIgYDVQQKExtEaWdpdGFsIFNpZ25hdHVyZSBUcnVzdCBDby4xFzAVBgNVBAMT\nDkRTVCBSb290IENBIFgzMB4XDTIwMTAwNzE5MjE0MFoXDTIxMDkyOTE5MjE0MFow\nMjELMAkGA1UEBhMCVVMxFjAUBgNVBAoTDUxldCdzIEVuY3J5cHQxCzAJBgNVBAMT\nAlIzMIIBIjANBgkqhkiG9w0BAQEFAAOCAQ8AMIIBCgKCAQEAuwIVKMz2oJTTDxLs\njVWSw/iC8ZmmekKIp10mqrUrucVMsa+Oa/l1yKPXD0eUFFU1V4yeqKI5GfWCPEKp\nTm71O8Mu243AsFzzWTjn7c9p8FoLG77AlCQlh/o3cbMT5xys4Zvv2+Q7RVJFlqnB\nU840yFLuta7tj95gcOKlVKu2bQ6XpUA0ayvTvGbrZjR8+muLj1cpmfgwF126cm/7\ngcWt0oZYPRfH5wm78Sv3htzB2nFd1EbjzK0lwYi8YGd1ZrPxGPeiXOZT/zqItkel\n/xMY6pgJdz+dU/nPAeX1pnAXFK9jpP+Zs5Od3FOnBv5IhR2haa4ldbsTzFID9e1R\noYvbFQIDAQABo4IBaDCCAWQwEgYDVR0TAQH/BAgwBgEB/wIBADAOBgNVHQ8BAf8E\nBAMCAYYwSwYIKwYBBQUHAQEEPzA9MDsGCCsGAQUFBzAChi9odHRwOi8vYXBwcy5p\nZGVudHJ1c3QuY29tL3Jvb3RzL2RzdHJvb3RjYXgzLnA3YzAfBgNVHSMEGDAWgBTE\np7Gkeyxx+tvhS5B1/8QVYIWJEDBUBgNVHSAETTBLMAgGBmeBDAECATA/BgsrBgEE\nAYLfEwEBATAwMC4GCCsGAQUFBwIBFiJodHRwOi8vY3BzLnJvb3QteDEubGV0c2Vu\nY3J5cHQub3JnMDwGA1UdHwQ1MDMwMaAvoC2GK2h0dHA6Ly9jcmwuaWRlbnRydXN0\nLmNvbS9EU1RST09UQ0FYM0NSTC5jcmwwHQYDVR0OBBYEFBQusxe3WFbLrlAJQOYf\nr52LFMLGMB0GA1UdJQQWMBQGCCsGAQUFBwMBBggrBgEFBQcDAjANBgkqhkiG9w0B\nAQsFAAOCAQEA2UzgyfWEiDcx27sT4rP8i2tiEmxYt0l+PAK3qB8oYevO4C5z70kH\nejWEHx2taPDY/laBL21/WKZuNTYQHHPD5b1tXgHXbnL7KqC401dk5VvCadTQsvd8\nS8MXjohyc9z9/G2948kLjmE6Flh9dDYrVYA9x2O+hEPGOaEOa1eePynBgPayvUfL\nqjBstzLhWVQLGAkXXmNs+5ZnPBxzDJOLxhF2JIbeQAcH5H0tZrUlo5ZYyOqA7s9p\nO5b85o3AM/OJ+CktFBQtfvBhcJVd9wvlwPsk+uyOy2HI7mNxKKgsBTt375teA2Tw\nUdHkhVNcsAKX1H7GNNLOEADksd86wuoXvg==\n-----END CERTIFICATE-----\n",
            "certificate_id": 3859653032093822378,
            "creation_timestamp": "2021-05-12T01:35:17.662-07:00",
            "description": "",
            "id": "projects/websites-270319/global/sslCertificates/python-j5-org",
            "name": "python-j5-org",
            "name_prefix": null,
            "private_key": "-----BEGIN PRIVATE KEY-----\nMIIEvAIBADANBgkqhkiG9w0BAQEFAASCBKYwggSiAgEAAoIBAQCjrh6YBab6eBSN\nJdm3WJ7qrZDAW2xXPhgEDFUCPh3ehmJaZepraBPDt6qnUW0rHD7NlSNuRX5Yhf4U\n9ZSCEWCuPFshVoJX7jwOC9F5EAd96FAcaNFFexXyZem/pEhWEXTW8sAHq1GwJHQY\n5CaXPMyLLki9V/i033AVbjadNueXYNU+mAJHHaObYK7cQlnGcb4lRh90hsD3/sEG\nXhngNA5eczdrdVi2L674/qLGqjSH8c2tyH2E+H+lDF0qoMEkFk2mhOa1FTdy9R+0\n2HnaiE+U2Jr+CedlBfTI0ngzAUZe8rpTr5OoPsOQCh/IPEVUpuXGStyTnvURmXRI\nXHGjdlS/AgMBAAECggEAXUmX1j0idg6KaAfyljTEHizeG0P/85lIRsZgjO6qR3GA\nDNWZTa371ciQUtxtw+xNPw6JKwgggoOb1IZDJf6Rg7ySk+WiVEtLnxXNRZqFKpWF\nUyvKWjdUwtqi5r7TG3rHhNrF55kU7bdZE/a0p+3XBlxSyNeiwDO4xf4S0nfAdt2o\nOSXF6ixwYcnYT33nysS1iGioKxuQIG2vkX530I9izKkS2zG8suoM2HOp+X78b4fw\nofCkQloiyCTtkaj3IWnPuJWS6mszAuCEIXsgZ5j88rQ3Y9x6fh91jOIgZMgZsaQn\nOYUxU3sX5mK8pPw/PSorFIO1XW6sUeip8TMftcvYgQKBgQDTKb9ax1EH3tUZFTnc\nOd54kZQAYycoLcnhsJUsd1TO3PYkksoyLu/ZXX1D1AgGAw4ugUqY0vowaawKaNI3\nxNelDs5Tua2IGeRgo3fi9omwGidGuf2djA5YcPLCMfmNzuHG+Nl4uH1tgZ4B6vyS\noNt+L/+x8xH+PGhc+UI2GN5J+QKBgQDGb1Q/NqPoPHKfhysz2nUdBc8RR6EYoBy/\nUfXS7v212v+8ddV60xZigLCsHNiIOw7vpqTHq3rK6YR4w4Q8piIVoe4XuZFDdMj7\nJcdv41O+DIgjP1xn7mRsLElU6HaK0qTuG2xDq6BcPfEO18J+Km+6R4L4ZTJ7rmSa\nxyUVJ34CdwKBgFIWh5n9o+WAXa0LkFupb2/FgBiKcx1ud22yHLuVhDWKtnFPUyUh\nFAKXEmw80AWuSGQRxPMWCUaqvcOqLhaaAg7ba6AmrWwcTKi4w5FKsAnykNQw14PY\nf3coKWcO0GmtRB36fWgtqCza15b9R8Sknc83T5pY2OTRjOyfxXqMPlXZAoGAKHFW\nPU/4lgOD5Qmaf4X9qn2dl0r/BVLUqRWeQXBeGytYRePKL69H96l82IdEhndq8uMG\n4H8Nlr+DNU277NR7S+dl7EXw2ku6Dp3DiQVO8wQA1xY50iDfLMDV7U03o9GMtc63\nAQ/AriwdrkXBKQ+jF9ctVUzivhxr+rOt1iLnZr8CgYAkUsqK6aeJtZCRYkUrP2Vi\nfDFrWJHakaPsa+Phl31YFMM57CtsKhEBVRB4qeyfNdc867r255Z8hL7xLq5YdasG\nbZ5HGsGeyRcBzRH5DtoAXl+v+dmjK7OCa+4Al/+mAGV/lUv6uwnEKu4/O8cUthpC\nVvi9a3lBn5jWSNkIRWBrNQ==\n-----END PRIVATE KEY-----\n",
            "project": "websites-270319",
            "self_link": "https://www.googleapis.com/compute/v1/projects/websites-270319/global/sslCertificates/python-j5-org",
            "timeouts": null
          },
          "private": "eyJlMmJmYjczMC1lY2FhLTExZTYtOGY4OC0zNDM2M2JjN2M0YzAiOnsiY3JlYXRlIjoyNDAwMDAwMDAwMDAsImRlbGV0ZSI6MjQwMDAwMDAwMDAwfX0="
        }
      ]
    },
    {
      "mode": "managed",
      "type": "google_compute_target_http_proxy",
      "name": "TPROXY_HTTP",
      "provider": "provider[\"registry.terraform.io/hashicorp/google\"]",
      "instances": [
        {
          "schema_version": 0,
          "attributes": {
            "creation_timestamp": "2021-05-12T01:35:39.852-07:00",
            "description": "",
            "id": "projects/websites-270319/global/targetHttpProxies/target-proxy-http",
            "name": "target-proxy-http",
            "project": "websites-270319",
            "proxy_bind": false,
            "proxy_id": 8696181967151312308,
            "self_link": "https://www.googleapis.com/compute/v1/projects/websites-270319/global/targetHttpProxies/target-proxy-http",
            "timeouts": null,
            "url_map": "https://www.googleapis.com/compute/v1/projects/websites-270319/global/urlMaps/urlmap-http"
          },
          "private": "eyJlMmJmYjczMC1lY2FhLTExZTYtOGY4OC0zNDM2M2JjN2M0YzAiOnsiY3JlYXRlIjoyNDAwMDAwMDAwMDAsImRlbGV0ZSI6MjQwMDAwMDAwMDAwLCJ1cGRhdGUiOjI0MDAwMDAwMDAwMH19",
          "dependencies": [
            "google_compute_backend_bucket.BACKEND_BUCKET",
            "google_compute_url_map.URL_MAP_HTTP"
          ]
        }
      ]
    },
    {
      "mode": "managed",
      "type": "google_compute_target_https_proxy",
      "name": "TPROXY_HTTPS",
      "provider": "provider[\"registry.terraform.io/hashicorp/google\"]",
      "instances": [
        {
          "index_key": 0,
          "schema_version": 0,
          "attributes": {
            "creation_timestamp": "2021-05-12T01:37:41.769-07:00",
            "description": "",
            "id": "projects/websites-270319/global/targetHttpsProxies/target-proxy-https",
            "name": "target-proxy-https",
            "project": "websites-270319",
            "proxy_bind": false,
            "proxy_id": 2662770016066612538,
            "quic_override": "NONE",
            "self_link": "https://www.googleapis.com/compute/v1/projects/websites-270319/global/targetHttpsProxies/target-proxy-https",
            "ssl_certificates": [
              "https://www.googleapis.com/compute/v1/projects/websites-270319/global/sslCertificates/www-dudewheresmydns-com",
              "https://www.googleapis.com/compute/v1/projects/websites-270319/global/sslCertificates/python-j5-org"
            ],
            "ssl_policy": "https://www.googleapis.com/compute/v1/projects/websites-270319/global/sslPolicies/custom-ssl-policy",
            "timeouts": null,
            "url_map": "https://www.googleapis.com/compute/v1/projects/websites-270319/global/urlMaps/urlmap-https"
          },
          "private": "eyJlMmJmYjczMC1lY2FhLTExZTYtOGY4OC0zNDM2M2JjN2M0YzAiOnsiY3JlYXRlIjoyNDAwMDAwMDAwMDAsImRlbGV0ZSI6MjQwMDAwMDAwMDAwLCJ1cGRhdGUiOjI0MDAwMDAwMDAwMH19",
          "dependencies": [
            "google_compute_ssl_certificate.SSL_CERT",
            "google_compute_url_map.URL_MAP_HTTPS"
          ]
        }
      ]
    },
    {
      "mode": "managed",
      "type": "google_compute_url_map",
      "name": "URL_MAP_HTTP",
      "provider": "provider[\"registry.terraform.io/hashicorp/google-beta\"]",
      "instances": [
        {
          "schema_version": 0,
          "attributes": {
            "creation_timestamp": "2021-05-12T01:35:28.295-07:00",
            "default_route_action": [],
            "default_service": "https://www.googleapis.com/compute/v1/projects/websites-270319/global/backendBuckets/backend-bucket-j5-org",
            "default_url_redirect": [],
            "description": "",
            "fingerprint": "I-itBFcn454=",
            "header_action": [],
            "host_rule": [
              {
                "description": "",
                "hosts": [
                  "*"
                ],
                "path_matcher": "all-hosts"
              }
            ],
            "id": "projects/websites-270319/global/urlMaps/urlmap-http",
            "map_id": 1121329673988877759,
            "name": "urlmap-http",
            "path_matcher": [
              {
                "default_route_action": [],
                "default_service": "",
                "default_url_redirect": [
                  {
                    "host_redirect": "",
                    "https_redirect": true,
                    "path_redirect": "",
                    "prefix_redirect": "",
                    "redirect_response_code": "",
                    "strip_query": false
                  }
                ],
                "description": "",
                "header_action": [],
                "name": "all-hosts",
                "path_rule": [],
                "route_rules": []
              }
            ],
            "project": "websites-270319",
            "self_link": "https://www.googleapis.com/compute/v1/projects/websites-270319/global/urlMaps/urlmap-http",
            "test": [],
            "timeouts": null
          },
          "private": "eyJlMmJmYjczMC1lY2FhLTExZTYtOGY4OC0zNDM2M2JjN2M0YzAiOnsiY3JlYXRlIjoyNDAwMDAwMDAwMDAsImRlbGV0ZSI6MjQwMDAwMDAwMDAwLCJ1cGRhdGUiOjI0MDAwMDAwMDAwMH19",
          "dependencies": [
            "google_compute_backend_bucket.BACKEND_BUCKET"
          ]
        }
      ]
    },
    {
      "mode": "managed",
      "type": "google_compute_url_map",
      "name": "URL_MAP_HTTPS",
      "provider": "provider[\"registry.terraform.io/hashicorp/google\"]",
      "instances": [
        {
          "index_key": 0,
          "schema_version": 0,
          "attributes": {
            "creation_timestamp": "2021-05-12T01:35:50.188-07:00",
            "default_route_action": [],
            "default_service": "https://www.googleapis.com/compute/v1/projects/websites-270319/global/backendServices/backend-service",
            "default_url_redirect": [],
            "description": "",
            "fingerprint": "UPD3Eb-hkEA=",
            "header_action": [],
            "host_rule": [],
            "id": "projects/websites-270319/global/urlMaps/urlmap-https",
            "map_id": 6121274164674702729,
            "name": "urlmap-https",
            "path_matcher": [],
            "project": "websites-270319",
            "self_link": "https://www.googleapis.com/compute/v1/projects/websites-270319/global/urlMaps/urlmap-https",
            "test": [],
            "timeouts": null
          },
          "private": "eyJlMmJmYjczMC1lY2FhLTExZTYtOGY4OC0zNDM2M2JjN2M0YzAiOnsiY3JlYXRlIjoyNDAwMDAwMDAwMDAsImRlbGV0ZSI6MjQwMDAwMDAwMDAwLCJ1cGRhdGUiOjI0MDAwMDAwMDAwMH19",
          "dependencies": [
            "google_compute_backend_service.BACKEND_SERVICE",
            "google_compute_health_check.HTTP_CHECK_1"
          ]
        }
      ]
    }
  ]
}
