{
  "version": 4,
  "terraform_version": "0.14.3",
  "serial": 7,
  "lineage": "18063243-823d-a74b-7dcb-63330b1f6978",
  "outputs": {},
  "resources": [
    {
      "mode": "managed",
      "type": "google_compute_external_vpn_gateway",
      "name": "EXTERNAL_VPN_GATEWAY",
      "provider": "provider[\"registry.terraform.io/hashicorp/google-beta\"]",
      "instances": [
        {
          "schema_version": 0,
          "attributes": {
            "description": "Hightail Transit Firewalls",
            "id": "projects/otl-ems-netops/global/externalVpnGateways/hightail",
            "interface": [
              {
                "id": 0,
                "ip_address": "13.57.71.140"
              },
              {
                "id": 1,
                "ip_address": "18.217.30.38"
              }
            ],
            "name": "hightail",
            "project": "otl-ems-netops",
            "redundancy_type": "TWO_IPS_REDUNDANCY",
            "self_link": "https://www.googleapis.com/compute/v1/projects/otl-ems-netops/global/externalVpnGateways/hightail",
            "timeouts": null
          },
          "sensitive_attributes": [],
          "private": "eyJlMmJmYjczMC1lY2FhLTExZTYtOGY4OC0zNDM2M2JjN2M0YzAiOnsiY3JlYXRlIjoyNDAwMDAwMDAwMDAsImRlbGV0ZSI6MjQwMDAwMDAwMDAwfX0="
        }
      ]
    },
    {
      "mode": "managed",
      "type": "google_compute_router_interface",
      "name": "ROUTER_INTERFACE0",
      "provider": "provider[\"registry.terraform.io/hashicorp/google\"]",
      "instances": []
    },
    {
      "mode": "managed",
      "type": "google_compute_router_interface",
      "name": "ROUTER_INTERFACE1",
      "provider": "provider[\"registry.terraform.io/hashicorp/google\"]",
      "instances": []
    },
    {
      "mode": "managed",
      "type": "google_compute_router_peer",
      "name": "ROUTER_VPN_BGP0",
      "provider": "provider[\"registry.terraform.io/hashicorp/google-beta\"]",
      "instances": []
    },
    {
      "mode": "managed",
      "type": "google_compute_router_peer",
      "name": "ROUTER_VPN_BGP1",
      "provider": "provider[\"registry.terraform.io/hashicorp/google-beta\"]",
      "instances": []
    }
  ]
}
